
Microsoft Visual Studio Solution File, Format Version 12.00
# Visual Studio 14
VisualStudioVersion = 14.0.25420.1
MinimumVisualStudioVersion = 10.0.40219.1
Project("{FAE04EC0-301F-11D3-BF4B-00C04F79EFBC}") = "MovieAggregator.WebApi", "MovieAggregator.WebApi\MovieAggregator.WebApi.csproj", "{ACDDEBEA-BA5C-4743-9C80-31B554E1695F}"
EndProject
Project("{FAE04EC0-301F-11D3-BF4B-00C04F79EFBC}") = "VideoProvider.Youtube.ApiInteraction", "VideoProvider.Youtube.ApiInteraction\VideoProvider.Youtube.ApiInteraction.csproj", "{12E673F3-7195-4372-8989-513D8806DC85}"
EndProject
Project("{FAE04EC0-301F-11D3-BF4B-00C04F79EFBC}") = "MovieAggregator.Contracts", "MovieAggregator.Contracts\MovieAggregator.Contracts.csproj", "{16E8D13F-161E-4A90-BC50-5BFA6693EDDE}"
EndProject
Project("{FAE04EC0-301F-11D3-BF4B-00C04F79EFBC}") = "MovieInfoProvider.OMDb.ApiInteraction", "MovieInfoProvider.OMDb.ApiInteraction\MovieInfoProvider.OMDb.ApiInteraction.csproj", "{E96F1AB0-55D7-4623-B1B7-2AE1EA79726E}"
EndProject
Project("{FAE04EC0-301F-11D3-BF4B-00C04F79EFBC}") = "MovieAggregator.DTOs", "MovieAggregator.DTOs\MovieAggregator.DTOs.csproj", "{5EE1FF65-F701-4BBB-A7C6-0D290F09BADA}"
EndProject
Project("{FAE04EC0-301F-11D3-BF4B-00C04F79EFBC}") = "MovieAggregator.Caching.MongoDB", "MovieAggregator.Caching.MongoDB\MovieAggregator.Caching.MongoDB.csproj", "{A7DE29B4-9824-4FFB-8CD7-087B9408E36F}"
EndProject
Project("{FAE04EC0-301F-11D3-BF4B-00C04F79EFBC}") = "MovieAggregator.Caching.Common", "MovieAggregator.Caching.Common\MovieAggregator.Caching.Common.csproj", "{1A393528-50F4-4DFA-9CE8-37B0C6C9D197}"
EndProject
Project("{FAE04EC0-301F-11D3-BF4B-00C04F79EFBC}") = "MovieAggregator.TMDb.ApiInteraction", "MovieAggregator.TMDb.ApiInteraction\MovieAggregator.TMDb.ApiInteraction.csproj", "{13776DCA-284D-436C-9466-30638B4D7B66}"
EndProject
Project("{FAE04EC0-301F-11D3-BF4B-00C04F79EFBC}") = "MovieAggregator.WebApi.Tests", "MovieAggregator.WebApi.Tests\MovieAggregator.WebApi.Tests.csproj", "{9F750054-03D2-4D91-9561-6D89D912F6BF}"
EndProject
Global
	GlobalSection(SolutionConfigurationPlatforms) = preSolution
		Debug|Any CPU = Debug|Any CPU
		Release|Any CPU = Release|Any CPU
	EndGlobalSection
	GlobalSection(ProjectConfigurationPlatforms) = postSolution
		{ACDDEBEA-BA5C-4743-9C80-31B554E1695F}.Debug|Any CPU.ActiveCfg = Debug|Any CPU
		{ACDDEBEA-BA5C-4743-9C80-31B554E1695F}.Debug|Any CPU.Build.0 = Debug|Any CPU
		{ACDDEBEA-BA5C-4743-9C80-31B554E1695F}.Release|Any CPU.ActiveCfg = Release|Any CPU
		{ACDDEBEA-BA5C-4743-9C80-31B554E1695F}.Release|Any CPU.Build.0 = Release|Any CPU
		{12E673F3-7195-4372-8989-513D8806DC85}.Debug|Any CPU.ActiveCfg = Debug|Any CPU
		{12E673F3-7195-4372-8989-513D8806DC85}.Debug|Any CPU.Build.0 = Debug|Any CPU
		{12E673F3-7195-4372-8989-513D8806DC85}.Release|Any CPU.ActiveCfg = Release|Any CPU
		{12E673F3-7195-4372-8989-513D8806DC85}.Release|Any CPU.Build.0 = Release|Any CPU
		{16E8D13F-161E-4A90-BC50-5BFA6693EDDE}.Debug|Any CPU.ActiveCfg = Debug|Any CPU
		{16E8D13F-161E-4A90-BC50-5BFA6693EDDE}.Debug|Any CPU.Build.0 = Debug|Any CPU
		{16E8D13F-161E-4A90-BC50-5BFA6693EDDE}.Release|Any CPU.ActiveCfg = Release|Any CPU
		{16E8D13F-161E-4A90-BC50-5BFA6693EDDE}.Release|Any CPU.Build.0 = Release|Any CPU
		{E96F1AB0-55D7-4623-B1B7-2AE1EA79726E}.Debug|Any CPU.ActiveCfg = Debug|Any CPU
		{E96F1AB0-55D7-4623-B1B7-2AE1EA79726E}.Debug|Any CPU.Build.0 = Debug|Any CPU
		{E96F1AB0-55D7-4623-B1B7-2AE1EA79726E}.Release|Any CPU.ActiveCfg = Release|Any CPU
		{E96F1AB0-55D7-4623-B1B7-2AE1EA79726E}.Release|Any CPU.Build.0 = Release|Any CPU
		{5EE1FF65-F701-4BBB-A7C6-0D290F09BADA}.Debug|Any CPU.ActiveCfg = Debug|Any CPU
		{5EE1FF65-F701-4BBB-A7C6-0D290F09BADA}.Debug|Any CPU.Build.0 = Debug|Any CPU
		{5EE1FF65-F701-4BBB-A7C6-0D290F09BADA}.Release|Any CPU.ActiveCfg = Release|Any CPU
		{5EE1FF65-F701-4BBB-A7C6-0D290F09BADA}.Release|Any CPU.Build.0 = Release|Any CPU
		{A7DE29B4-9824-4FFB-8CD7-087B9408E36F}.Debug|Any CPU.ActiveCfg = Debug|Any CPU
		{A7DE29B4-9824-4FFB-8CD7-087B9408E36F}.Debug|Any CPU.Build.0 = Debug|Any CPU
		{A7DE29B4-9824-4FFB-8CD7-087B9408E36F}.Release|Any CPU.ActiveCfg = Release|Any CPU
		{A7DE29B4-9824-4FFB-8CD7-087B9408E36F}.Release|Any CPU.Build.0 = Release|Any CPU
		{1A393528-50F4-4DFA-9CE8-37B0C6C9D197}.Debug|Any CPU.ActiveCfg = Debug|Any CPU
		{1A393528-50F4-4DFA-9CE8-37B0C6C9D197}.Debug|Any CPU.Build.0 = Debug|Any CPU
		{1A393528-50F4-4DFA-9CE8-37B0C6C9D197}.Release|Any CPU.ActiveCfg = Release|Any CPU
		{1A393528-50F4-4DFA-9CE8-37B0C6C9D197}.Release|Any CPU.Build.0 = Release|Any CPU
		{13776DCA-284D-436C-9466-30638B4D7B66}.Debug|Any CPU.ActiveCfg = Debug|Any CPU
		{13776DCA-284D-436C-9466-30638B4D7B66}.Debug|Any CPU.Build.0 = Debug|Any CPU
		{13776DCA-284D-436C-9466-30638B4D7B66}.Release|Any CPU.ActiveCfg = Release|Any CPU
		{13776DCA-284D-436C-9466-30638B4D7B66}.Release|Any CPU.Build.0 = Release|Any CPU
		{9F750054-03D2-4D91-9561-6D89D912F6BF}.Debug|Any CPU.ActiveCfg = Debug|Any CPU
		{9F750054-03D2-4D91-9561-6D89D912F6BF}.Debug|Any CPU.Build.0 = Debug|Any CPU
		{9F750054-03D2-4D91-9561-6D89D912F6BF}.Release|Any CPU.ActiveCfg = Release|Any CPU
		{9F750054-03D2-4D91-9561-6D89D912F6BF}.Release|Any CPU.Build.0 = Release|Any CPU
	EndGlobalSection
	GlobalSection(SolutionProperties) = preSolution
		HideSolutionNode = FALSE
	EndGlobalSection
EndGlobal
